
Microsoft Visual Studio Solution File, Format Version 12.00
# Visual Studio Version 16
VisualStudioVersion = 16.0.29806.167
MinimumVisualStudioVersion = 10.0.40219.1
Project("{FAE04EC0-301F-11D3-BF4B-00C04F79EFBC}") = "ResetBuildPriority", "ResetBuildPriority\ResetBuildPriority.csproj", "{1EAE3DE0-2650-4DD1-95B8-6B6207EC4E26}"
EndProject
Project("{FAE04EC0-301F-11D3-BF4B-00C04F79EFBC}") = "Blood", "Blood\Blood.csproj", "{4E521FC2-811D-4742-A04B-538E33F92723}"
EndProject
Project("{FAE04EC0-301F-11D3-BF4B-00C04F79EFBC}") = "CritterTraits", "CritterTraits\CritterTraits.csproj", "{F53012EE-9957-4DD2-AC75-6F2DF0AD2A77}"
EndProject
Project("{FAE04EC0-301F-11D3-BF4B-00C04F79EFBC}") = "Floating", "Floating\Floating.csproj", "{E9D5569E-4E7B-484F-BB4B-0DAB9E29596A}"
EndProject
Project("{FAE04EC0-301F-11D3-BF4B-00C04F79EFBC}") = "CritterRename", "CritterRename\CritterRename.csproj", "{D5456564-F691-4FB7-A4F0-F11280B53DCB}"
EndProject
Project("{FAE04EC0-301F-11D3-BF4B-00C04F79EFBC}") = "ONIProfiler", "ONIProfiler\ONIProfiler.csproj", "{7A1217C9-9509-4696-A2A1-D16CC2C78B72}"
EndProject
Project("{FAE04EC0-301F-11D3-BF4B-00C04F79EFBC}") = "PerfOptimizations", "PerfOptimizations\PerfOptimizations.csproj", "{EBC01544-02E8-4A10-9B2C-5A2114DC7E0F}"
EndProject
Project("{FAE04EC0-301F-11D3-BF4B-00C04F79EFBC}") = "ClusterioBridge", "ClusterioBridge\ClusterioBridge.csproj", "{B4C624F1-CE89-468B-A9FC-EE304C21B90C}"
EndProject
Project("{FAE04EC0-301F-11D3-BF4B-00C04F79EFBC}") = "ItemDump", "ItemDump\ItemDump.csproj", "{72A199BB-880A-4C71-8683-6694C8688FA4}"
EndProject
Global
	GlobalSection(SolutionConfigurationPlatforms) = preSolution
		Debug|Any CPU = Debug|Any CPU
		Release|Any CPU = Release|Any CPU
	EndGlobalSection
	GlobalSection(ProjectConfigurationPlatforms) = postSolution
		{1EAE3DE0-2650-4DD1-95B8-6B6207EC4E26}.Debug|Any CPU.ActiveCfg = Debug|Any CPU
		{1EAE3DE0-2650-4DD1-95B8-6B6207EC4E26}.Debug|Any CPU.Build.0 = Debug|Any CPU
		{1EAE3DE0-2650-4DD1-95B8-6B6207EC4E26}.Release|Any CPU.ActiveCfg = Release|Any CPU
		{1EAE3DE0-2650-4DD1-95B8-6B6207EC4E26}.Release|Any CPU.Build.0 = Release|Any CPU
		{4E521FC2-811D-4742-A04B-538E33F92723}.Debug|Any CPU.ActiveCfg = Debug|Any CPU
		{4E521FC2-811D-4742-A04B-538E33F92723}.Debug|Any CPU.Build.0 = Debug|Any CPU
		{4E521FC2-811D-4742-A04B-538E33F92723}.Release|Any CPU.ActiveCfg = Release|Any CPU
		{4E521FC2-811D-4742-A04B-538E33F92723}.Release|Any CPU.Build.0 = Release|Any CPU
		{F53012EE-9957-4DD2-AC75-6F2DF0AD2A77}.Debug|Any CPU.ActiveCfg = Debug|Any CPU
		{F53012EE-9957-4DD2-AC75-6F2DF0AD2A77}.Debug|Any CPU.Build.0 = Debug|Any CPU
		{F53012EE-9957-4DD2-AC75-6F2DF0AD2A77}.Release|Any CPU.ActiveCfg = Release|Any CPU
		{F53012EE-9957-4DD2-AC75-6F2DF0AD2A77}.Release|Any CPU.Build.0 = Release|Any CPU
		{E9D5569E-4E7B-484F-BB4B-0DAB9E29596A}.Debug|Any CPU.ActiveCfg = Debug|Any CPU
		{E9D5569E-4E7B-484F-BB4B-0DAB9E29596A}.Debug|Any CPU.Build.0 = Debug|Any CPU
		{E9D5569E-4E7B-484F-BB4B-0DAB9E29596A}.Release|Any CPU.ActiveCfg = Release|Any CPU
		{E9D5569E-4E7B-484F-BB4B-0DAB9E29596A}.Release|Any CPU.Build.0 = Release|Any CPU
		{D5456564-F691-4FB7-A4F0-F11280B53DCB}.Debug|Any CPU.ActiveCfg = Debug|Any CPU
		{D5456564-F691-4FB7-A4F0-F11280B53DCB}.Debug|Any CPU.Build.0 = Debug|Any CPU
		{D5456564-F691-4FB7-A4F0-F11280B53DCB}.Release|Any CPU.ActiveCfg = Release|Any CPU
		{D5456564-F691-4FB7-A4F0-F11280B53DCB}.Release|Any CPU.Build.0 = Release|Any CPU
		{7A1217C9-9509-4696-A2A1-D16CC2C78B72}.Debug|Any CPU.ActiveCfg = Debug|Any CPU
		{7A1217C9-9509-4696-A2A1-D16CC2C78B72}.Debug|Any CPU.Build.0 = Debug|Any CPU
		{7A1217C9-9509-4696-A2A1-D16CC2C78B72}.Release|Any CPU.ActiveCfg = Release|Any CPU
		{7A1217C9-9509-4696-A2A1-D16CC2C78B72}.Release|Any CPU.Build.0 = Release|Any CPU
		{EBC01544-02E8-4A10-9B2C-5A2114DC7E0F}.Debug|Any CPU.ActiveCfg = Debug|Any CPU
		{EBC01544-02E8-4A10-9B2C-5A2114DC7E0F}.Debug|Any CPU.Build.0 = Debug|Any CPU
		{EBC01544-02E8-4A10-9B2C-5A2114DC7E0F}.Release|Any CPU.ActiveCfg = Release|Any CPU
		{EBC01544-02E8-4A10-9B2C-5A2114DC7E0F}.Release|Any CPU.Build.0 = Release|Any CPU
		{B4C624F1-CE89-468B-A9FC-EE304C21B90C}.Debug|Any CPU.ActiveCfg = Debug|Any CPU
		{B4C624F1-CE89-468B-A9FC-EE304C21B90C}.Debug|Any CPU.Build.0 = Debug|Any CPU
		{B4C624F1-CE89-468B-A9FC-EE304C21B90C}.Release|Any CPU.ActiveCfg = Release|Any CPU
		{B4C624F1-CE89-468B-A9FC-EE304C21B90C}.Release|Any CPU.Build.0 = Release|Any CPU
		{72A199BB-880A-4C71-8683-6694C8688FA4}.Debug|Any CPU.ActiveCfg = Debug|Any CPU
		{72A199BB-880A-4C71-8683-6694C8688FA4}.Debug|Any CPU.Build.0 = Debug|Any CPU
		{72A199BB-880A-4C71-8683-6694C8688FA4}.Release|Any CPU.ActiveCfg = Release|Any CPU
		{72A199BB-880A-4C71-8683-6694C8688FA4}.Release|Any CPU.Build.0 = Release|Any CPU
	EndGlobalSection
	GlobalSection(SolutionProperties) = preSolution
		HideSolutionNode = FALSE
	EndGlobalSection
	GlobalSection(ExtensibilityGlobals) = postSolution
		SolutionGuid = {4612FA90-A622-4C2A-87CF-6606C61A3F27}
	EndGlobalSection
EndGlobal
